
Microsoft Visual Studio Solution File, Format Version 12.00
# Visual Studio Version 16
VisualStudioVersion = 16.0.30621.155
MinimumVisualStudioVersion = 10.0.40219.1
Project("{FAE04EC0-301F-11D3-BF4B-00C04F79EFBC}") = "CBP", "CBP\CBP.csproj", "{A93D2454-ACBD-44E1-875E-70CE7498188C}"
EndProject
Project("{FAE04EC0-301F-11D3-BF4B-00C04F79EFBC}") = "CBP.DataLayer", "CBP.DataLayer\CBP.DataLayer.csproj", "{0F80EC24-AD6F-43C2-9841-350ADF9AB661}"
EndProject
Global
	GlobalSection(SolutionConfigurationPlatforms) = preSolution
		Debug|Any CPU = Debug|Any CPU
		Release|Any CPU = Release|Any CPU
	EndGlobalSection
	GlobalSection(ProjectConfigurationPlatforms) = postSolution
		{A93D2454-ACBD-44E1-875E-70CE7498188C}.Debug|Any CPU.ActiveCfg = Debug|Any CPU
		{A93D2454-ACBD-44E1-875E-70CE7498188C}.Debug|Any CPU.Build.0 = Debug|Any CPU
		{A93D2454-ACBD-44E1-875E-70CE7498188C}.Release|Any CPU.ActiveCfg = Release|Any CPU
		{A93D2454-ACBD-44E1-875E-70CE7498188C}.Release|Any CPU.Build.0 = Release|Any CPU
		{0F80EC24-AD6F-43C2-9841-350ADF9AB661}.Debug|Any CPU.ActiveCfg = Debug|Any CPU
		{0F80EC24-AD6F-43C2-9841-350ADF9AB661}.Debug|Any CPU.Build.0 = Debug|Any CPU
		{0F80EC24-AD6F-43C2-9841-350ADF9AB661}.Release|Any CPU.ActiveCfg = Release|Any CPU
		{0F80EC24-AD6F-43C2-9841-350ADF9AB661}.Release|Any CPU.Build.0 = Release|Any CPU
	EndGlobalSection
	GlobalSection(SolutionProperties) = preSolution
		HideSolutionNode = FALSE
	EndGlobalSection
	GlobalSection(ExtensibilityGlobals) = postSolution
		SolutionGuid = {135E4B6B-4014-439A-B869-7E1BE0DFF5B9}
	EndGlobalSection
EndGlobal
